
Microsoft Visual Studio Solution File, Format Version 11.00
# Visual Studio 2010
Project("{FAE04EC0-301F-11D3-BF4B-00C04F79EFBC}") = "Refit-Tests-Net45", "Refit-Tests-Net45.csproj", "{5F52E5C6-9A0B-48B3-AE05-D8CB0B9CC605}"
EndProject
Global
	GlobalSection(SolutionConfigurationPlatforms) = preSolution
		Debug|Any CPU = Debug|Any CPU
		Release|Any CPU = Release|Any CPU
	EndGlobalSection
	GlobalSection(ProjectConfigurationPlatforms) = postSolution
		{5F52E5C6-9A0B-48B3-AE05-D8CB0B9CC605}.Debug|Any CPU.ActiveCfg = Debug|Any CPU
		{5F52E5C6-9A0B-48B3-AE05-D8CB0B9CC605}.Debug|Any CPU.Build.0 = Debug|Any CPU
		{5F52E5C6-9A0B-48B3-AE05-D8CB0B9CC605}.Release|Any CPU.ActiveCfg = Release|Any CPU
		{5F52E5C6-9A0B-48B3-AE05-D8CB0B9CC605}.Release|Any CPU.Build.0 = Release|Any CPU
	EndGlobalSection
EndGlobal
